Microsoft Visual Studio Solution File, Format Version 12.00
# Visual Studio Version 17
VisualStudioVersion = 17.5.2.0
MinimumVisualStudioVersion = 10.0.40219.1
Project("{2150E333-8FDC-42A3-9474-1A3956D46DE8}") = "src", "src", "{827E0CD3-B72D-47B6-A68D-7590B98EB39B}"
EndProject
Project("{2150E333-8FDC-42A3-9474-1A3956D46DE8}") = "alternative-bots", "alternative-bots", "{A3963A42-BA02-1665-FEE3-9A6867D26CB0}"
EndProject
Project("{FAE04EC0-301F-11D3-BF4B-00C04F79EFBC}") = "BlitzKrieg1", "src\alternative-bots\BlitzKrieg1\BlitzKrieg1.csproj", "{A25D8A7E-7D92-8DB4-2628-DFF3E33EA26B}"
EndProject
Project("{FAE04EC0-301F-11D3-BF4B-00C04F79EFBC}") = "BlitzKrieg2", "src\alternative-bots\BlitzKrieg2\BlitzKrieg2.csproj", "{EEF22503-A9D9-FA95-5E40-0DA02D36D9D6}"
EndProject
Project("{FAE04EC0-301F-11D3-BF4B-00C04F79EFBC}") = "BlitzKrieg3", "src\alternative-bots\BlitzKrieg3\BlitzKrieg3.csproj", "{DF0FF69C-EB67-81A3-CAED-5285926ADE8D}"
EndProject
Project("{2150E333-8FDC-42A3-9474-1A3956D46DE8}") = "main-bot", "main-bot", "{4FCDFDB7-A417-3C3F-0910-8A045F02A9B3}"
EndProject
Project("{FAE04EC0-301F-11D3-BF4B-00C04F79EFBC}") = "BlitzKrieg", "src\main-bot\BlitzKrieg\BlitzKrieg.csproj", "{1F5E9EE8-F06D-FC76-B8BF-15BDF8DDF3F2}"
EndProject
Global
	GlobalSection(SolutionConfigurationPlatforms) = preSolution
		Debug|Any CPU = Debug|Any CPU
		Release|Any CPU = Release|Any CPU
	EndGlobalSection
	GlobalSection(ProjectConfigurationPlatforms) = postSolution
		{A25D8A7E-7D92-8DB4-2628-DFF3E33EA26B}.Debug|Any CPU.ActiveCfg = Debug|Any CPU
		{A25D8A7E-7D92-8DB4-2628-DFF3E33EA26B}.Debug|Any CPU.Build.0 = Debug|Any CPU
		{A25D8A7E-7D92-8DB4-2628-DFF3E33EA26B}.Release|Any CPU.ActiveCfg = Release|Any CPU
		{A25D8A7E-7D92-8DB4-2628-DFF3E33EA26B}.Release|Any CPU.Build.0 = Release|Any CPU
		{EEF22503-A9D9-FA95-5E40-0DA02D36D9D6}.Debug|Any CPU.ActiveCfg = Debug|Any CPU
		{EEF22503-A9D9-FA95-5E40-0DA02D36D9D6}.Debug|Any CPU.Build.0 = Debug|Any CPU
		{EEF22503-A9D9-FA95-5E40-0DA02D36D9D6}.Release|Any CPU.ActiveCfg = Release|Any CPU
		{EEF22503-A9D9-FA95-5E40-0DA02D36D9D6}.Release|Any CPU.Build.0 = Release|Any CPU
		{DF0FF69C-EB67-81A3-CAED-5285926ADE8D}.Debug|Any CPU.ActiveCfg = Debug|Any CPU
		{DF0FF69C-EB67-81A3-CAED-5285926ADE8D}.Debug|Any CPU.Build.0 = Debug|Any CPU
		{DF0FF69C-EB67-81A3-CAED-5285926ADE8D}.Release|Any CPU.ActiveCfg = Release|Any CPU
		{DF0FF69C-EB67-81A3-CAED-5285926ADE8D}.Release|Any CPU.Build.0 = Release|Any CPU
		{1F5E9EE8-F06D-FC76-B8BF-15BDF8DDF3F2}.Debug|Any CPU.ActiveCfg = Debug|Any CPU
		{1F5E9EE8-F06D-FC76-B8BF-15BDF8DDF3F2}.Debug|Any CPU.Build.0 = Debug|Any CPU
		{1F5E9EE8-F06D-FC76-B8BF-15BDF8DDF3F2}.Release|Any CPU.ActiveCfg = Release|Any CPU
		{1F5E9EE8-F06D-FC76-B8BF-15BDF8DDF3F2}.Release|Any CPU.Build.0 = Release|Any CPU
	EndGlobalSection
	GlobalSection(SolutionProperties) = preSolution
		HideSolutionNode = FALSE
	EndGlobalSection
	GlobalSection(NestedProjects) = preSolution
		{A3963A42-BA02-1665-FEE3-9A6867D26CB0} = {827E0CD3-B72D-47B6-A68D-7590B98EB39B}
		{A25D8A7E-7D92-8DB4-2628-DFF3E33EA26B} = {A3963A42-BA02-1665-FEE3-9A6867D26CB0}
		{EEF22503-A9D9-FA95-5E40-0DA02D36D9D6} = {A3963A42-BA02-1665-FEE3-9A6867D26CB0}
		{DF0FF69C-EB67-81A3-CAED-5285926ADE8D} = {A3963A42-BA02-1665-FEE3-9A6867D26CB0}
		{4FCDFDB7-A417-3C3F-0910-8A045F02A9B3} = {827E0CD3-B72D-47B6-A68D-7590B98EB39B}
		{1F5E9EE8-F06D-FC76-B8BF-15BDF8DDF3F2} = {4FCDFDB7-A417-3C3F-0910-8A045F02A9B3}
	EndGlobalSection
	GlobalSection(ExtensibilityGlobals) = postSolution
		SolutionGuid = {E9EE608D-7C77-4C34-A3CF-CEA3D1E451EF}
	EndGlobalSection
EndGlobal
